
Microsoft Visual Studio Solution File, Format Version 12.00
# Visual Studio Version 16
VisualStudioVersion = 16.0.30114.105
MinimumVisualStudioVersion = 10.0.40219.1
Project("{2150E333-8FDC-42A3-9474-1A3956D46DE8}") = "UI", "UI", "{52170485-6098-491F-99B3-13111EB00525}"
EndProject
Project("{2150E333-8FDC-42A3-9474-1A3956D46DE8}") = "Services", "Services", "{4E56BC18-15EF-43DB-9D60-64D610EB3CC4}"
EndProject
Project("{2150E333-8FDC-42A3-9474-1A3956D46DE8}") = "Common", "Common", "{72487383-2CA2-4FA2-8AEF-79283BB40840}"
EndProject
Project("{2150E333-8FDC-42A3-9474-1A3956D46DE8}") = "Libraries", "Libraries", "{9B6F60D7-AC09-47B4-8B35-711E38EE16F4}"
EndProject
Project("{9A19103F-16F7-4668-BE54-9A1E7A4F7556}") = "WebStore.Domain", "Common\WebStore.Domain\WebStore.Domain.csproj", "{BD0D3CEC-DF98-45C2-887F-A5890630DE78}"
EndProject
Project("{9A19103F-16F7-4668-BE54-9A1E7A4F7556}") = "WebStore.DAL", "Services\Libraries\WebStore.DAL\WebStore.DAL.csproj", "{9646F72E-1180-43DC-9930-E97314FDC49D}"
EndProject
Project("{9A19103F-16F7-4668-BE54-9A1E7A4F7556}") = "WebStore", "UI\WebStore\WebStore.csproj", "{E88B4595-317C-4E4A-96CC-B9E828EE39B8}"
EndProject
Project("{9A19103F-16F7-4668-BE54-9A1E7A4F7556}") = "WebStore.Interfaces", "Services\Libraries\WebStore.Interfaces\WebStore.Interfaces.csproj", "{D84869D4-5249-45E0-967A-46EDA9C65889}"
EndProject
Project("{9A19103F-16F7-4668-BE54-9A1E7A4F7556}") = "WebStore.Services", "Services\Libraries\WebStore.Services\WebStore.Services.csproj", "{3EC2BAB0-5C3D-4CCA-AAD9-E40E9D3094D6}"
EndProject
Project("{9A19103F-16F7-4668-BE54-9A1E7A4F7556}") = "WebStore.Clients", "Services\Libraries\WebStore.Clients\WebStore.Clients.csproj", "{0A71158C-8B89-491B-B21C-89A5ABB7B80E}"
EndProject
Project("{9A19103F-16F7-4668-BE54-9A1E7A4F7556}") = "WebStore.ServiceHosting", "Services\WebStore.ServiceHosting\WebStore.ServiceHosting.csproj", "{06825C5A-BC25-431C-BEE2-CDC7AB3918A3}"
EndProject
Project("{9A19103F-16F7-4668-BE54-9A1E7A4F7556}") = "WebStore.Logger", "Common\WebStore.Logger\WebStore.Logger.csproj", "{C5D410F6-8CB1-4D07-97C3-6E1DC849BD86}"
EndProject
Project("{2150E333-8FDC-42A3-9474-1A3956D46DE8}") = "Tests", "Tests", "{6A3425C3-9323-4CA2-AED2-68E0F7EC134C}"
EndProject
Project("{9A19103F-16F7-4668-BE54-9A1E7A4F7556}") = "WebStore.Tests", "Tests\WebStore.Tests\WebStore.Tests.csproj", "{92906D58-06F8-4716-A26E-C791B6656F21}"
EndProject
Project("{9A19103F-16F7-4668-BE54-9A1E7A4F7556}") = "WebStore.Services.Tests", "Tests\WebStore.Services.Tests\WebStore.Services.Tests.csproj", "{4B053F4E-E370-4EC3-AE49-44D7EE3B9B0B}"
EndProject
Project("{FAE04EC0-301F-11D3-BF4B-00C04F79EFBC}") = "WebStore.BlazorUI", "UI\WebStore.BlazorUI\WebStore.BlazorUI.csproj", "{43803545-C5D7-4B68-9CC9-724F6A96672A}"
EndProject
Global
	GlobalSection(SolutionConfigurationPlatforms) = preSolution
		Debug|Any CPU = Debug|Any CPU
		Release|Any CPU = Release|Any CPU
	EndGlobalSection
	GlobalSection(ProjectConfigurationPlatforms) = postSolution
		{BD0D3CEC-DF98-45C2-887F-A5890630DE78}.Debug|Any CPU.ActiveCfg = Debug|Any CPU
		{BD0D3CEC-DF98-45C2-887F-A5890630DE78}.Debug|Any CPU.Build.0 = Debug|Any CPU
		{BD0D3CEC-DF98-45C2-887F-A5890630DE78}.Release|Any CPU.ActiveCfg = Release|Any CPU
		{BD0D3CEC-DF98-45C2-887F-A5890630DE78}.Release|Any CPU.Build.0 = Release|Any CPU
		{9646F72E-1180-43DC-9930-E97314FDC49D}.Debug|Any CPU.ActiveCfg = Debug|Any CPU
		{9646F72E-1180-43DC-9930-E97314FDC49D}.Debug|Any CPU.Build.0 = Debug|Any CPU
		{9646F72E-1180-43DC-9930-E97314FDC49D}.Release|Any CPU.ActiveCfg = Release|Any CPU
		{9646F72E-1180-43DC-9930-E97314FDC49D}.Release|Any CPU.Build.0 = Release|Any CPU
		{E88B4595-317C-4E4A-96CC-B9E828EE39B8}.Debug|Any CPU.ActiveCfg = Debug|Any CPU
		{E88B4595-317C-4E4A-96CC-B9E828EE39B8}.Debug|Any CPU.Build.0 = Debug|Any CPU
		{E88B4595-317C-4E4A-96CC-B9E828EE39B8}.Release|Any CPU.ActiveCfg = Release|Any CPU
		{E88B4595-317C-4E4A-96CC-B9E828EE39B8}.Release|Any CPU.Build.0 = Release|Any CPU
		{D84869D4-5249-45E0-967A-46EDA9C65889}.Debug|Any CPU.ActiveCfg = Debug|Any CPU
		{D84869D4-5249-45E0-967A-46EDA9C65889}.Debug|Any CPU.Build.0 = Debug|Any CPU
		{D84869D4-5249-45E0-967A-46EDA9C65889}.Release|Any CPU.ActiveCfg = Release|Any CPU
		{D84869D4-5249-45E0-967A-46EDA9C65889}.Release|Any CPU.Build.0 = Release|Any CPU
		{3EC2BAB0-5C3D-4CCA-AAD9-E40E9D3094D6}.Debug|Any CPU.ActiveCfg = Debug|Any CPU
		{3EC2BAB0-5C3D-4CCA-AAD9-E40E9D3094D6}.Debug|Any CPU.Build.0 = Debug|Any CPU
		{3EC2BAB0-5C3D-4CCA-AAD9-E40E9D3094D6}.Release|Any CPU.ActiveCfg = Release|Any CPU
		{3EC2BAB0-5C3D-4CCA-AAD9-E40E9D3094D6}.Release|Any CPU.Build.0 = Release|Any CPU
		{0A71158C-8B89-491B-B21C-89A5ABB7B80E}.Debug|Any CPU.ActiveCfg = Debug|Any CPU
		{0A71158C-8B89-491B-B21C-89A5ABB7B80E}.Debug|Any CPU.Build.0 = Debug|Any CPU
		{0A71158C-8B89-491B-B21C-89A5ABB7B80E}.Release|Any CPU.ActiveCfg = Release|Any CPU
		{0A71158C-8B89-491B-B21C-89A5ABB7B80E}.Release|Any CPU.Build.0 = Release|Any CPU
		{06825C5A-BC25-431C-BEE2-CDC7AB3918A3}.Debug|Any CPU.ActiveCfg = Debug|Any CPU
		{06825C5A-BC25-431C-BEE2-CDC7AB3918A3}.Debug|Any CPU.Build.0 = Debug|Any CPU
		{06825C5A-BC25-431C-BEE2-CDC7AB3918A3}.Release|Any CPU.ActiveCfg = Release|Any CPU
		{06825C5A-BC25-431C-BEE2-CDC7AB3918A3}.Release|Any CPU.Build.0 = Release|Any CPU
		{C5D410F6-8CB1-4D07-97C3-6E1DC849BD86}.Debug|Any CPU.ActiveCfg = Debug|Any CPU
		{C5D410F6-8CB1-4D07-97C3-6E1DC849BD86}.Debug|Any CPU.Build.0 = Debug|Any CPU
		{C5D410F6-8CB1-4D07-97C3-6E1DC849BD86}.Release|Any CPU.ActiveCfg = Release|Any CPU
		{C5D410F6-8CB1-4D07-97C3-6E1DC849BD86}.Release|Any CPU.Build.0 = Release|Any CPU
		{92906D58-06F8-4716-A26E-C791B6656F21}.Debug|Any CPU.ActiveCfg = Debug|Any CPU
		{92906D58-06F8-4716-A26E-C791B6656F21}.Debug|Any CPU.Build.0 = Debug|Any CPU
		{92906D58-06F8-4716-A26E-C791B6656F21}.Release|Any CPU.ActiveCfg = Release|Any CPU
		{92906D58-06F8-4716-A26E-C791B6656F21}.Release|Any CPU.Build.0 = Release|Any CPU
		{4B053F4E-E370-4EC3-AE49-44D7EE3B9B0B}.Debug|Any CPU.ActiveCfg = Debug|Any CPU
		{4B053F4E-E370-4EC3-AE49-44D7EE3B9B0B}.Debug|Any CPU.Build.0 = Debug|Any CPU
		{4B053F4E-E370-4EC3-AE49-44D7EE3B9B0B}.Release|Any CPU.ActiveCfg = Release|Any CPU
		{4B053F4E-E370-4EC3-AE49-44D7EE3B9B0B}.Release|Any CPU.Build.0 = Release|Any CPU
		{43803545-C5D7-4B68-9CC9-724F6A96672A}.Debug|Any CPU.ActiveCfg = Debug|Any CPU
		{43803545-C5D7-4B68-9CC9-724F6A96672A}.Debug|Any CPU.Build.0 = Debug|Any CPU
		{43803545-C5D7-4B68-9CC9-724F6A96672A}.Release|Any CPU.ActiveCfg = Release|Any CPU
		{43803545-C5D7-4B68-9CC9-724F6A96672A}.Release|Any CPU.Build.0 = Release|Any CPU
	EndGlobalSection
	GlobalSection(SolutionProperties) = preSolution
		HideSolutionNode = FALSE
	EndGlobalSection
	GlobalSection(NestedProjects) = preSolution
		{9B6F60D7-AC09-47B4-8B35-711E38EE16F4} = {4E56BC18-15EF-43DB-9D60-64D610EB3CC4}
		{BD0D3CEC-DF98-45C2-887F-A5890630DE78} = {72487383-2CA2-4FA2-8AEF-79283BB40840}
		{9646F72E-1180-43DC-9930-E97314FDC49D} = {9B6F60D7-AC09-47B4-8B35-711E38EE16F4}
		{E88B4595-317C-4E4A-96CC-B9E828EE39B8} = {52170485-6098-491F-99B3-13111EB00525}
		{D84869D4-5249-45E0-967A-46EDA9C65889} = {9B6F60D7-AC09-47B4-8B35-711E38EE16F4}
		{3EC2BAB0-5C3D-4CCA-AAD9-E40E9D3094D6} = {9B6F60D7-AC09-47B4-8B35-711E38EE16F4}
		{0A71158C-8B89-491B-B21C-89A5ABB7B80E} = {9B6F60D7-AC09-47B4-8B35-711E38EE16F4}
		{06825C5A-BC25-431C-BEE2-CDC7AB3918A3} = {4E56BC18-15EF-43DB-9D60-64D610EB3CC4}
		{C5D410F6-8CB1-4D07-97C3-6E1DC849BD86} = {72487383-2CA2-4FA2-8AEF-79283BB40840}
		{92906D58-06F8-4716-A26E-C791B6656F21} = {6A3425C3-9323-4CA2-AED2-68E0F7EC134C}
		{4B053F4E-E370-4EC3-AE49-44D7EE3B9B0B} = {6A3425C3-9323-4CA2-AED2-68E0F7EC134C}
		{43803545-C5D7-4B68-9CC9-724F6A96672A} = {52170485-6098-491F-99B3-13111EB00525}
	EndGlobalSection
	GlobalSection(ExtensibilityGlobals) = postSolution
		SolutionGuid = {02A54608-1AD9-4290-AFD5-4CEF49019A1B}
	EndGlobalSection
EndGlobal
