
Microsoft Visual Studio Solution File, Format Version 12.00
# Visual Studio Version 16
VisualStudioVersion = 16.0.30114.105
MinimumVisualStudioVersion = 10.0.40219.1
Project("{2150E333-8FDC-42A3-9474-1A3956D46DE8}") = "UI", "UI", "{52170485-6098-491F-99B3-13111EB00525}"
EndProject
Project("{2150E333-8FDC-42A3-9474-1A3956D46DE8}") = "Services", "Services", "{4E56BC18-15EF-43DB-9D60-64D610EB3CC4}"
EndProject
Project("{2150E333-8FDC-42A3-9474-1A3956D46DE8}") = "Common", "Common", "{72487383-2CA2-4FA2-8AEF-79283BB40840}"
EndProject
Project("{2150E333-8FDC-42A3-9474-1A3956D46DE8}") = "Libraries", "Libraries", "{9B6F60D7-AC09-47B4-8B35-711E38EE16F4}"
EndProject
Project("{9A19103F-16F7-4668-BE54-9A1E7A4F7556}") = "WebStore.Domain", "Common\WebStore.Domain\WebStore.Domain.csproj", "{BD0D3CEC-DF98-45C2-887F-A5890630DE78}"
EndProject
Project("{9A19103F-16F7-4668-BE54-9A1E7A4F7556}") = "WebStore.DAL", "Services\Libraries\WebStore.DAL\WebStore.DAL.csproj", "{9646F72E-1180-43DC-9930-E97314FDC49D}"
EndProject
Project("{9A19103F-16F7-4668-BE54-9A1E7A4F7556}") = "WebStore", "UI\WebStore\WebStore.csproj", "{E88B4595-317C-4E4A-96CC-B9E828EE39B8}"
EndProject
Project("{FAE04EC0-301F-11D3-BF4B-00C04F79EFBC}") = "WebStore.Interfaces", "Services\Libraries\WebStore.Interfaces\WebStore.Interfaces.csproj", "{D84869D4-5249-45E0-967A-46EDA9C65889}"
EndProject
Project("{FAE04EC0-301F-11D3-BF4B-00C04F79EFBC}") = "WebStore.Services", "Services\Libraries\WebStore.Services\WebStore.Services.csproj", "{3EC2BAB0-5C3D-4CCA-AAD9-E40E9D3094D6}"
EndProject
Global
	GlobalSection(SolutionConfigurationPlatforms) = preSolution
		Debug|Any CPU = Debug|Any CPU
		Release|Any CPU = Release|Any CPU
	EndGlobalSection
	GlobalSection(ProjectConfigurationPlatforms) = postSolution
		{BD0D3CEC-DF98-45C2-887F-A5890630DE78}.Debug|Any CPU.ActiveCfg = Debug|Any CPU
		{BD0D3CEC-DF98-45C2-887F-A5890630DE78}.Debug|Any CPU.Build.0 = Debug|Any CPU
		{BD0D3CEC-DF98-45C2-887F-A5890630DE78}.Release|Any CPU.ActiveCfg = Release|Any CPU
		{BD0D3CEC-DF98-45C2-887F-A5890630DE78}.Release|Any CPU.Build.0 = Release|Any CPU
		{9646F72E-1180-43DC-9930-E97314FDC49D}.Debug|Any CPU.ActiveCfg = Debug|Any CPU
		{9646F72E-1180-43DC-9930-E97314FDC49D}.Debug|Any CPU.Build.0 = Debug|Any CPU
		{9646F72E-1180-43DC-9930-E97314FDC49D}.Release|Any CPU.ActiveCfg = Release|Any CPU
		{9646F72E-1180-43DC-9930-E97314FDC49D}.Release|Any CPU.Build.0 = Release|Any CPU
		{E88B4595-317C-4E4A-96CC-B9E828EE39B8}.Debug|Any CPU.ActiveCfg = Debug|Any CPU
		{E88B4595-317C-4E4A-96CC-B9E828EE39B8}.Debug|Any CPU.Build.0 = Debug|Any CPU
		{E88B4595-317C-4E4A-96CC-B9E828EE39B8}.Release|Any CPU.ActiveCfg = Release|Any CPU
		{E88B4595-317C-4E4A-96CC-B9E828EE39B8}.Release|Any CPU.Build.0 = Release|Any CPU
		{D84869D4-5249-45E0-967A-46EDA9C65889}.Debug|Any CPU.ActiveCfg = Debug|Any CPU
		{D84869D4-5249-45E0-967A-46EDA9C65889}.Debug|Any CPU.Build.0 = Debug|Any CPU
		{D84869D4-5249-45E0-967A-46EDA9C65889}.Release|Any CPU.ActiveCfg = Release|Any CPU
		{D84869D4-5249-45E0-967A-46EDA9C65889}.Release|Any CPU.Build.0 = Release|Any CPU
		{3EC2BAB0-5C3D-4CCA-AAD9-E40E9D3094D6}.Debug|Any CPU.ActiveCfg = Debug|Any CPU
		{3EC2BAB0-5C3D-4CCA-AAD9-E40E9D3094D6}.Debug|Any CPU.Build.0 = Debug|Any CPU
		{3EC2BAB0-5C3D-4CCA-AAD9-E40E9D3094D6}.Release|Any CPU.ActiveCfg = Release|Any CPU
		{3EC2BAB0-5C3D-4CCA-AAD9-E40E9D3094D6}.Release|Any CPU.Build.0 = Release|Any CPU
	EndGlobalSection
	GlobalSection(SolutionProperties) = preSolution
		HideSolutionNode = FALSE
	EndGlobalSection
	GlobalSection(NestedProjects) = preSolution
		{9B6F60D7-AC09-47B4-8B35-711E38EE16F4} = {4E56BC18-15EF-43DB-9D60-64D610EB3CC4}
		{BD0D3CEC-DF98-45C2-887F-A5890630DE78} = {72487383-2CA2-4FA2-8AEF-79283BB40840}
		{9646F72E-1180-43DC-9930-E97314FDC49D} = {9B6F60D7-AC09-47B4-8B35-711E38EE16F4}
		{E88B4595-317C-4E4A-96CC-B9E828EE39B8} = {52170485-6098-491F-99B3-13111EB00525}
		{D84869D4-5249-45E0-967A-46EDA9C65889} = {9B6F60D7-AC09-47B4-8B35-711E38EE16F4}
		{3EC2BAB0-5C3D-4CCA-AAD9-E40E9D3094D6} = {9B6F60D7-AC09-47B4-8B35-711E38EE16F4}
	EndGlobalSection
	GlobalSection(ExtensibilityGlobals) = postSolution
		SolutionGuid = {02A54608-1AD9-4290-AFD5-4CEF49019A1B}
	EndGlobalSection
EndGlobal
